# THIS IS AN AUTOGENERATED FILE. DO NOT EDIT THIS FILE DIRECTLY.
# yarn lockfile v1


"@types/cheerio@^0.22.23":
  version "0.22.23"
  resolved "https://registry.npm.taobao.org/@types/cheerio/download/@types/cheerio-0.22.23.tgz?cache=0&sync_timestamp=1607401257826&other_urls=https%3A%2F%2Fregistry.npm.taobao.org%2F%40types%2Fcheerio%2Fdownload%2F%40types%2Fcheerio-0.22.23.tgz#74bcfee9c5ee53f619711dca953a89fe5cfa4eb4"
  integrity sha1-dLz+6cXuU/YZcR3KlTqJ/lz6TrQ=
  dependencies:
    "@types/node" "*"

"@types/glob@*":
  version "7.1.3"
  resolved "https://registry.npm.taobao.org/@types/glob/download/@types/glob-7.1.3.tgz?cache=0&sync_timestamp=1605053345113&other_urls=https%3A%2F%2Fregistry.npm.taobao.org%2F%40types%2Fglob%2Fdownload%2F%40types%2Fglob-7.1.3.tgz#e6ba80f36b7daad2c685acd9266382e68985c183"
  integrity sha1-5rqA82t9qtLGhazZJmOC5omFwYM=
  dependencies:
    "@types/minimatch" "*"
    "@types/node" "*"

"@types/lodash@^4.14.165":
  version "4.14.165"
  resolved "https://registry.npm.taobao.org/@types/lodash/download/@types/lodash-4.14.165.tgz?cache=0&sync_timestamp=1604600854786&other_urls=https%3A%2F%2Fregistry.npm.taobao.org%2F%40types%2Flodash%2Fdownload%2F%40types%2Flodash-4.14.165.tgz#74d55d947452e2de0742bad65270433b63a8c30f"
  integrity sha1-dNVdlHRS4t4HQrrWUnBDO2Ooww8=

"@types/minimatch@*":
  version "3.0.3"
  resolved "https://registry.npm.taobao.org/@types/minimatch/download/@types/minimatch-3.0.3.tgz?cache=0&sync_timestamp=1605054612683&other_urls=https%3A%2F%2Fregistry.npm.taobao.org%2F%40types%2Fminimatch%2Fdownload%2F%40types%2Fminimatch-3.0.3.tgz#3dca0e3f33b200fc7d1139c0cd96c1268cadfd9d"
  integrity sha1-PcoOPzOyAPx9ETnAzZbBJoyt/Z0=

"@types/node@*", "@types/node@^14.6.4":
  version "14.14.12"
  resolved "https://registry.npm.taobao.org/@types/node/download/@types/node-14.14.12.tgz?cache=0&sync_timestamp=1607590769174&other_urls=https%3A%2F%2Fregistry.npm.taobao.org%2F%40types%2Fnode%2Fdownload%2F%40types%2Fnode-14.14.12.tgz#0b1d86f8c40141091285dea02e4940df73bba43f"
  integrity sha1-Cx2G+MQBQQkShd6gLklA33O7pD8=

"@types/object-hash@^1.3.4":
  version "1.3.4"
  resolved "https://registry.npm.taobao.org/@types/object-hash/download/@types/object-hash-1.3.4.tgz#079ba142be65833293673254831b5e3e847fe58b"
  integrity sha1-B5uhQr5lgzKTZzJUgxtePoR/5Ys=

"@types/rimraf@^3.0.0":
  version "3.0.0"
  resolved "https://registry.npm.taobao.org/@types/rimraf/download/@types/rimraf-3.0.0.tgz#b9d03f090ece263671898d57bb7bb007023ac19f"
  integrity sha1-udA/CQ7OJjZxiY1Xu3uwBwI6wZ8=
  dependencies:
    "@types/glob" "*"
    "@types/node" "*"

arg@^4.1.0:
  version "4.1.3"
  resolved "https://registry.npm.taobao.org/arg/download/arg-4.1.3.tgz?cache=0&sync_timestamp=1605574972657&other_urls=https%3A%2F%2Fregistry.npm.taobao.org%2Farg%2Fdownload%2Farg-4.1.3.tgz#269fc7ad5b8e42cb63c896d5666017261c144089"
  integrity sha1-Jp/HrVuOQstjyJbVZmAXJhwUQIk=

buffer-from@^1.0.0:
  version "1.1.1"
  resolved "https://registry.npm.taobao.org/buffer-from/download/buffer-from-1.1.1.tgz#32713bc028f75c02fdb710d7c7bcec1f2c6070ef"
  integrity sha1-MnE7wCj3XAL9txDXx7zsHyxgcO8=

create-require@^1.1.0:
  version "1.1.1"
  resolved "https://registry.npm.taobao.org/create-require/download/create-require-1.1.1.tgz#c1d7e8f1e5f6cfc9ff65f9cd352d37348756c333"
  integrity sha1-wdfo8eX2z8n/ZfnNNS03NIdWwzM=

cross-env@^7.0.3:
  version "7.0.3"
  resolved "https://registry.npm.taobao.org/cross-env/download/cross-env-7.0.3.tgz#865264b29677dc015ba8418918965dd232fc54cf"
  integrity sha1-hlJkspZ33AFbqEGJGJZd0jL8VM8=
  dependencies:
    cross-spawn "^7.0.1"

cross-spawn@^7.0.1:
  version "7.0.3"
  resolved "https://registry.npm.taobao.org/cross-spawn/download/cross-spawn-7.0.3.tgz#f73a85b9d5d41d045551c177e2882d4ac85728a6"
  integrity sha1-9zqFudXUHQRVUcF34ogtSshXKKY=
  dependencies:
    path-key "^3.1.0"
    shebang-command "^2.0.0"
    which "^2.0.1"

diff@^4.0.1:
  version "4.0.2"
  resolved "https://registry.npm.taobao.org/diff/download/diff-4.0.2.tgz#60f3aecb89d5fae520c11aa19efc2bb982aade7d"
  integrity sha1-YPOuy4nV+uUgwRqhnvwruYKq3n0=

isexe@^2.0.0:
  version "2.0.0"
  resolved "https://registry.npm.taobao.org/isexe/download/isexe-2.0.0.tgz#e8fbf374dc556ff8947a10dcb0572d633f2cfa10"
  integrity sha1-6PvzdNxVb/iUehDcsFctYz8s+hA=

make-error@^1.1.1:
  version "1.3.6"
  resolved "https://registry.npm.taobao.org/make-error/download/make-error-1.3.6.tgz#2eb2e37ea9b67c4891f684a1394799af484cf7a2"
  integrity sha1-LrLjfqm2fEiR9oShOUeZr0hM96I=

path-key@^3.1.0:
  version "3.1.1"
  resolved "https://registry.npm.taobao.org/path-key/download/path-key-3.1.1.tgz#581f6ade658cbba65a0d3380de7753295054f375"
  integrity sha1-WB9q3mWMu6ZaDTOA3ndTKVBU83U=

shebang-command@^2.0.0:
  version "2.0.0"
  resolved "https://registry.npm.taobao.org/shebang-command/download/shebang-command-2.0.0.tgz#ccd0af4f8835fbdc265b82461aaf0c36663f34ea"
  integrity sha1-zNCvT4g1+9wmW4JGGq8MNmY/NOo=
  dependencies:
    shebang-regex "^3.0.0"

shebang-regex@^3.0.0:
  version "3.0.0"
  resolved "https://registry.npm.taobao.org/shebang-regex/download/shebang-regex-3.0.0.tgz#ae16f1644d873ecad843b0307b143362d4c42172"
  integrity sha1-rhbxZE2HPsrYQ7AwexQzYtTEIXI=

source-map-support@^0.5.17:
  version "0.5.19"
  resolved "https://registry.npm.taobao.org/source-map-support/download/source-map-support-0.5.19.tgz?cache=0&other_urls=https%3A%2F%2Fregistry.npm.taobao.org%2Fsource-map-support%2Fdownload%2Fsource-map-support-0.5.19.tgz#a98b62f86dcaf4f67399648c085291ab9e8fed61"
  integrity sha1-qYti+G3K9PZzmWSMCFKRq56P7WE=
  dependencies:
    buffer-from "^1.0.0"
    source-map "^0.6.0"

source-map@^0.6.0:
  version "0.6.1"
  resolved "https://registry.npm.taobao.org/source-map/download/source-map-0.6.1.tgz#74722af32e9614e9c287a8d0bbde48b5e2f1a263"
  integrity sha1-dHIq8y6WFOnCh6jQu95IteLxomM=

ts-node@^9.1.1:
  version "9.1.1"
  resolved "https://registry.npm.taobao.org/ts-node/download/ts-node-9.1.1.tgz?cache=0&sync_timestamp=1607350719034&other_urls=https%3A%2F%2Fregistry.npm.taobao.org%2Fts-node%2Fdownload%2Fts-node-9.1.1.tgz#51a9a450a3e959401bda5f004a72d54b936d376d"
  integrity sha1-UamkUKPpWUAb2l8ASnLVS5NtN20=
  dependencies:
    arg "^4.1.0"
    create-require "^1.1.0"
    diff "^4.0.1"
    make-error "^1.1.1"
    source-map-support "^0.5.17"
    yn "3.1.1"

typescript@^4.1.3:
  version "4.1.3"
  resolved "https://registry.npm.taobao.org/typescript/download/typescript-4.1.3.tgz#519d582bd94cba0cf8934c7d8e8467e473f53bb7"
  integrity sha1-UZ1YK9lMugz4k0x9joRn5HP1O7c=

which@^2.0.1:
  version "2.0.2"
  resolved "https://registry.npm.taobao.org/which/download/which-2.0.2.tgz#7c6a8dd0a636a0327e10b59c9286eee93f3f51b1"
  integrity sha1-fGqN0KY2oDJ+ELWckobu6T8/UbE=
  dependencies:
    isexe "^2.0.0"

yn@3.1.1:
  version "3.1.1"
  resolved "https://registry.npm.taobao.org/yn/download/yn-3.1.1.tgz#1e87401a09d767c1d5eab26a6e4c185182d2eb50"
  integrity sha1-HodAGgnXZ8HV6rJqbkwYUYLS61A=
